{
  "originHash" : "0ed1a20ef167ff6bbd7e233d8316ce8089f144b9619fb921d55eb1b69ffdfd4c",
  "pins" : [
    {
      "identity" : "rive-ios",
      "kind" : "remoteSourceControl",
      "location" : "https://github.com/rive-app/rive-ios",
      "state" : {
        "revision" : "629aee8d43ad911dc0a273fc16d6ce88d6b20f2b",
        "version" : "5.11.1"
      }
    }
  ],
  "version" : 3
}
